// !$*UTF8*$!
{
	archiveVersion = 1;
	classes = {
	};
	objectVersion = 46;
	objects = {

/* Begin PBXBuildFile section */
		CB55776B17D7E0FF004A2F28 /* Vessel.framework in Frameworks */ = {isa = PBXBuildFile; fileRef = CB55776A17D7E0FF004A2F28 /* Vessel.framework */; };
		CBB8191F17C727ED001BBE85 /* UIKit.framework in Frameworks */ = {isa = PBXBuildFile; fileRef = CBB8191E17C727ED001BBE85 /* UIKit.framework */; };
		CBB8192117C727ED001BBE85 /* Foundation.framework in Frameworks */ = {isa = PBXBuildFile; fileRef = CBB8192017C727ED001BBE85 /* Foundation.framework */; };
		CBB8192317C727ED001BBE85 /* CoreGraphics.framework in Frameworks */ = {isa = PBXBuildFile; fileRef = CBB8192217C727ED001BBE85 /* CoreGraphics.framework */; };
		CBB8192917C727ED001BBE85 /* InfoPlist.strings in Resources */ = {isa = PBXBuildFile; fileRef = CBB8192717C727ED001BBE85 /* InfoPlist.strings */; };
		CBB8192B17C727ED001BBE85 /* main.m in Sources */ = {isa = PBXBuildFile; fileRef = CBB8192A17C727ED001BBE85 /* main.m */; };
		CBB8192F17C727ED001BBE85 /* AppDelegate.m in Sources */ = {isa = PBXBuildFile; fileRef = CBB8192E17C727ED001BBE85 /* AppDelegate.m */; };
		CBB8193117C727ED001BBE85 /* Default.png in Resources */ = {isa = PBXBuildFile; fileRef = CBB8193017C727ED001BBE85 /* Default.png */; };
		CBB8193317C727ED001BBE85 /* Default@2x.png in Resources */ = {isa = PBXBuildFile; fileRef = CBB8193217C727ED001BBE85 /* Default@2x.png */; };
		CBB8193517C727ED001BBE85 /* Default-568h@2x.png in Resources */ = {isa = PBXBuildFile; fileRef = CBB8193417C727ED001BBE85 /* Default-568h@2x.png */; };
		CBB8193817C727ED001BBE85 /* ViewController.m in Sources */ = {isa = PBXBuildFile; fileRef = CBB8193717C727ED001BBE85 /* ViewController.m */; };
		CBB8193B17C727ED001BBE85 /* ViewControllerA.xib in Resources */ = {isa = PBXBuildFile; fileRef = CBB8193917C727ED001BBE85 /* ViewControllerA.xib */; };
		CBB8194317C728E2001BBE85 /* Icon.png in Resources */ = {isa = PBXBuildFile; fileRef = CBB8194117C728E2001BBE85 /* Icon.png */; };
		CBB8194417C728E2001BBE85 /* Icon@2x.png in Resources */ = {isa = PBXBuildFile; fileRef = CBB8194217C728E2001BBE85 /* Icon@2x.png */; };
		CBB8194A17C72A8B001BBE85 /* SplashScreenViewController.m in Sources */ = {isa = PBXBuildFile; fileRef = CBB8194817C72A8B001BBE85 /* SplashScreenViewController.m */; };
		CBB8194B17C72A8B001BBE85 /* SplashScreenViewController.xib in Resources */ = {isa = PBXBuildFile; fileRef = CBB8194917C72A8B001BBE85 /* SplashScreenViewController.xib */; };
		CBB8194D17C72C4E001BBE85 /* libsqlite3.dylib in Frameworks */ = {isa = PBXBuildFile; fileRef = CBB8194C17C72C4D001BBE85 /* libsqlite3.dylib */; };
		CBB8194F17C72C5F001BBE85 /* AdSupport.framework in Frameworks */ = {isa = PBXBuildFile; fileRef = CBB8194E17C72C5F001BBE85 /* AdSupport.framework */; };
		CBB8195217C72FED001BBE85 /* ViewControllerB.xib in Resources */ = {isa = PBXBuildFile; fileRef = CBB8195017C72FED001BBE85 /* ViewControllerB.xib */; };
/* End PBXBuildFile section */

/* Begin PBXFileReference section */
		CB55776A17D7E0FF004A2F28 /* Vessel.framework */ = {isa = PBXFileReference; lastKnownFileType = wrapper.framework; path = Vessel.framework; sourceTree = "<group>"; };
		CBB8191B17C727ED001BBE85 /* ABDemo.app */ = {isa = PBXFileReference; explicitFileType = wrapper.application; includeInIndex = 0; path = ABDemo.app; sourceTree = BUILT_PRODUCTS_DIR; };
		CBB8191E17C727ED001BBE85 /* UIKit.framework */ = {isa = PBXFileReference; lastKnownFileType = wrapper.framework; name = UIKit.framework; path = System/Library/Frameworks/UIKit.framework; sourceTree = SDKROOT; };
		CBB8192017C727ED001BBE85 /* Foundation.framework */ = {isa = PBXFileReference; lastKnownFileType = wrapper.framework; name = Foundation.framework; path = System/Library/Frameworks/Foundation.framework; sourceTree = SDKROOT; };
		CBB8192217C727ED001BBE85 /* CoreGraphics.framework */ = {isa = PBXFileReference; lastKnownFileType = wrapper.framework; name = CoreGraphics.framework; path = System/Library/Frameworks/CoreGraphics.framework; sourceTree = SDKROOT; };
		CBB8192617C727ED001BBE85 /* ABDemo-Info.plist */ = {isa = PBXFileReference; lastKnownFileType = text.plist.xml; path = "ABDemo-Info.plist"; sourceTree = "<group>"; };
		CBB8192817C727ED001BBE85 /* en */ = {isa = PBXFileReference; lastKnownFileType = text.plist.strings; name = en; path = en.lproj/InfoPlist.strings; sourceTree = "<group>"; };
		CBB8192A17C727ED001BBE85 /* main.m */ = {isa = PBXFileReference; lastKnownFileType = sourcecode.c.objc; path = main.m; sourceTree = "<group>"; };
		CBB8192C17C727ED001BBE85 /* ABDemo-Prefix.pch */ = {isa = PBXFileReference; lastKnownFileType = sourcecode.c.h; path = "ABDemo-Prefix.pch"; sourceTree = "<group>"; };
		CBB8192D17C727ED001BBE85 /* AppDelegate.h */ = {isa = PBXFileReference; lastKnownFileType = sourcecode.c.h; path = AppDelegate.h; sourceTree = "<group>"; };
		CBB8192E17C727ED001BBE85 /* AppDelegate.m */ = {isa = PBXFileReference; lastKnownFileType = sourcecode.c.objc; path = AppDelegate.m; sourceTree = "<group>"; };
		CBB8193017C727ED001BBE85 /* Default.png */ = {isa = PBXFileReference; lastKnownFileType = image.png; path = Default.png; sourceTree = "<group>"; };
		CBB8193217C727ED001BBE85 /* Default@2x.png */ = {isa = PBXFileReference; lastKnownFileType = image.png; path = "Default@2x.png"; sourceTree = "<group>"; };
		CBB8193417C727ED001BBE85 /* Default-568h@2x.png */ = {isa = PBXFileReference; lastKnownFileType = image.png; path = "Default-568h@2x.png"; sourceTree = "<group>"; };
		CBB8193617C727ED001BBE85 /* ViewController.h */ = {isa = PBXFileReference; lastKnownFileType = sourcecode.c.h; path = ViewController.h; sourceTree = "<group>"; };
		CBB8193717C727ED001BBE85 /* ViewController.m */ = {isa = PBXFileReference; lastKnownFileType = sourcecode.c.objc; path = ViewController.m; sourceTree = "<group>"; };
		CBB8193A17C727ED001BBE85 /* en */ = {isa = PBXFileReference; lastKnownFileType = file.xib; name = en; path = en.lproj/ViewControllerA.xib; sourceTree = "<group>"; };
		CBB8194117C728E2001BBE85 /* Icon.png */ = {isa = PBXFileReference; lastKnownFileType = image.png; path = Icon.png; sourceTree = "<group>"; };
		CBB8194217C728E2001BBE85 /* Icon@2x.png */ = {isa = PBXFileReference; lastKnownFileType = image.png; path = "Icon@2x.png"; sourceTree = "<group>"; };
		CBB8194717C72A8B001BBE85 /* SplashScreenViewController.h */ = {isa = PBXFileReference; fileEncoding = 4; lastKnownFileType = sourcecode.c.h; path = SplashScreenViewController.h; sourceTree = "<group>"; };
		CBB8194817C72A8B001BBE85 /* SplashScreenViewController.m */ = {isa = PBXFileReference; fileEncoding = 4; lastKnownFileType = sourcecode.c.objc; path = SplashScreenViewController.m; sourceTree = "<group>"; };
		CBB8194917C72A8B001BBE85 /* SplashScreenViewController.xib */ = {isa = PBXFileReference; fileEncoding = 4; lastKnownFileType = file.xib; path = SplashScreenViewController.xib; sourceTree = "<group>"; };
		CBB8194C17C72C4D001BBE85 /* libsqlite3.dylib */ = {isa = PBXFileReference; lastKnownFileType = "compiled.mach-o.dylib"; name = libsqlite3.dylib; path = usr/lib/libsqlite3.dylib; sourceTree = SDKROOT; };
		CBB8194E17C72C5F001BBE85 /* AdSupport.framework */ = {isa = PBXFileReference; lastKnownFileType = wrapper.framework; name = AdSupport.framework; path = System/Library/Frameworks/AdSupport.framework; sourceTree = SDKROOT; };
		CBB8195117C72FED001BBE85 /* en */ = {isa = PBXFileReference; lastKnownFileType = file.xib; name = en; path = en.lproj/ViewControllerB.xib; sourceTree = "<group>"; };
/* End PBXFileReference section */

/* Begin PBXFrameworksBuildPhase section */
		CBB8191817C727ED001BBE85 /* Frameworks */ = {
			isa = PBXFrameworksBuildPhase;
			buildActionMask = 2147483647;
			files = (
				CBB8194F17C72C5F001BBE85 /* AdSupport.framework in Frameworks */,
				CBB8194D17C72C4E001BBE85 /* libsqlite3.dylib in Frameworks */,
				CBB8191F17C727ED001BBE85 /* UIKit.framework in Frameworks */,
				CBB8192117C727ED001BBE85 /* Foundation.framework in Frameworks */,
				CBB8192317C727ED001BBE85 /* CoreGraphics.framework in Frameworks */,
				CB55776B17D7E0FF004A2F28 /* Vessel.framework in Frameworks */,
			);
			runOnlyForDeploymentPostprocessing = 0;
		};
/* End PBXFrameworksBuildPhase section */

/* Begin PBXGroup section */
		CBB8191217C727ED001BBE85 = {
			isa = PBXGroup;
			children = (
				CBB8194C17C72C4D001BBE85 /* libsqlite3.dylib */,
				CBB8192417C727ED001BBE85 /* ABDemo */,
				CBB8191D17C727ED001BBE85 /* Frameworks */,
				CBB8191C17C727ED001BBE85 /* Products */,
			);
			sourceTree = "<group>";
		};
		CBB8191C17C727ED001BBE85 /* Products */ = {
			isa = PBXGroup;
			children = (
				CBB8191B17C727ED001BBE85 /* ABDemo.app */,
			);
			name = Products;
			sourceTree = "<group>";
		};
		CBB8191D17C727ED001BBE85 /* Frameworks */ = {
			isa = PBXGroup;
			children = (
				CB55776A17D7E0FF004A2F28 /* Vessel.framework */,
				CBB8194E17C72C5F001BBE85 /* AdSupport.framework */,
				CBB8191E17C727ED001BBE85 /* UIKit.framework */,
				CBB8192017C727ED001BBE85 /* Foundation.framework */,
				CBB8192217C727ED001BBE85 /* CoreGraphics.framework */,
			);
			name = Frameworks;
			sourceTree = "<group>";
		};
		CBB8192417C727ED001BBE85 /* ABDemo */ = {
			isa = PBXGroup;
			children = (
				CBB8192D17C727ED001BBE85 /* AppDelegate.h */,
				CBB8192E17C727ED001BBE85 /* AppDelegate.m */,
				CBB8194717C72A8B001BBE85 /* SplashScreenViewController.h */,
				CBB8194817C72A8B001BBE85 /* SplashScreenViewController.m */,
				CBB8194917C72A8B001BBE85 /* SplashScreenViewController.xib */,
				CBB8193617C727ED001BBE85 /* ViewController.h */,
				CBB8193717C727ED001BBE85 /* ViewController.m */,
				CBB8193917C727ED001BBE85 /* ViewControllerA.xib */,
				CBB8195017C72FED001BBE85 /* ViewControllerB.xib */,
				CBB8192517C727ED001BBE85 /* Supporting Files */,
			);
			path = ABDemo;
			sourceTree = "<group>";
		};
		CBB8192517C727ED001BBE85 /* Supporting Files */ = {
			isa = PBXGroup;
			children = (
				CBB8194117C728E2001BBE85 /* Icon.png */,
				CBB8194217C728E2001BBE85 /* Icon@2x.png */,
				CBB8192617C727ED001BBE85 /* ABDemo-Info.plist */,
				CBB8192717C727ED001BBE85 /* InfoPlist.strings */,
				CBB8192A17C727ED001BBE85 /* main.m */,
				CBB8192C17C727ED001BBE85 /* ABDemo-Prefix.pch */,
				CBB8193017C727ED001BBE85 /* Default.png */,
				CBB8193217C727ED001BBE85 /* Default@2x.png */,
				CBB8193417C727ED001BBE85 /* Default-568h@2x.png */,
			);
			name = "Supporting Files";
			sourceTree = "<group>";
		};
/* End PBXGroup section */

/* Begin PBXNativeTarget section */
		CBB8191A17C727ED001BBE85 /* ABDemo */ = {
			isa = PBXNativeTarget;
			buildConfigurationList = CBB8193E17C727ED001BBE85 /* Build configuration list for PBXNativeTarget "ABDemo" */;
			buildPhases = (
				CBB8191717C727ED001BBE85 /* Sources */,
				CBB8191817C727ED001BBE85 /* Frameworks */,
				CBB8191917C727ED001BBE85 /* Resources */,
			);
			buildRules = (
			);
			dependencies = (
			);
			name = ABDemo;
			productName = ABDemo;
			productReference = CBB8191B17C727ED001BBE85 /* ABDemo.app */;
			productType = "com.apple.product-type.application";
		};
/* End PBXNativeTarget section */

/* Begin PBXProject section */
		CBB8191317C727ED001BBE85 /* Project object */ = {
			isa = PBXProject;
			attributes = {
				LastUpgradeCheck = 0460;
				ORGANIZATIONNAME = Vessel;
			};
			buildConfigurationList = CBB8191617C727ED001BBE85 /* Build configuration list for PBXProject "ABDemo" */;
			compatibilityVersion = "Xcode 3.2";
			developmentRegion = English;
			hasScannedForEncodings = 0;
			knownRegions = (
				en,
			);
			mainGroup = CBB8191217C727ED001BBE85;
			productRefGroup = CBB8191C17C727ED001BBE85 /* Products */;
			projectDirPath = "";
			projectRoot = "";
			targets = (
				CBB8191A17C727ED001BBE85 /* ABDemo */,
			);
		};
/* End PBXProject section */

/* Begin PBXResourcesBuildPhase section */
		CBB8191917C727ED001BBE85 /* Resources */ = {
			isa = PBXResourcesBuildPhase;
			buildActionMask = 2147483647;
			files = (
				CBB8192917C727ED001BBE85 /* InfoPlist.strings in Resources */,
				CBB8193117C727ED001BBE85 /* Default.png in Resources */,
				CBB8193317C727ED001BBE85 /* Default@2x.png in Resources */,
				CBB8193517C727ED001BBE85 /* Default-568h@2x.png in Resources */,
				CBB8193B17C727ED001BBE85 /* ViewControllerA.xib in Resources */,
				CBB8194317C728E2001BBE85 /* Icon.png in Resources */,
				CBB8194417C728E2001BBE85 /* Icon@2x.png in Resources */,
				CBB8194B17C72A8B001BBE85 /* SplashScreenViewController.xib in Resources */,
				CBB8195217C72FED001BBE85 /* ViewControllerB.xib in Resources */,
			);
			runOnlyForDeploymentPostprocessing = 0;
		};
/* End PBXResourcesBuildPhase section */

/* Begin PBXSourcesBuildPhase section */
		CBB8191717C727ED001BBE85 /* Sources */ = {
			isa = PBXSourcesBuildPhase;
			buildActionMask = 2147483647;
			files = (
				CBB8192B17C727ED001BBE85 /* main.m in Sources */,
				CBB8192F17C727ED001BBE85 /* AppDelegate.m in Sources */,
				CBB8193817C727ED001BBE85 /* ViewController.m in Sources */,
				CBB8194A17C72A8B001BBE85 /* SplashScreenViewController.m in Sources */,
			);
			runOnlyForDeploymentPostprocessing = 0;
		};
/* End PBXSourcesBuildPhase section */

/* Begin PBXVariantGroup section */
		CBB8192717C727ED001BBE85 /* InfoPlist.strings */ = {
			isa = PBXVariantGroup;
			children = (
				CBB8192817C727ED001BBE85 /* en */,
			);
			name = InfoPlist.strings;
			sourceTree = "<group>";
		};
		CBB8193917C727ED001BBE85 /* ViewControllerA.xib */ = {
			isa = PBXVariantGroup;
			children = (
				CBB8193A17C727ED001BBE85 /* en */,
			);
			name = ViewControllerA.xib;
			sourceTree = "<group>";
		};
		CBB8195017C72FED001BBE85 /* ViewControllerB.xib */ = {
			isa = PBXVariantGroup;
			children = (
				CBB8195117C72FED001BBE85 /* en */,
			);
			name = ViewControllerB.xib;
			sourceTree = "<group>";
		};
/* End PBXVariantGroup section */

/* Begin XCBuildConfiguration section */
		CBB8193C17C727ED001BBE85 /* Debug */ = {
			isa = XCBuildConfiguration;
			buildSettings = {
				ALWAYS_SEARCH_USER_PATHS = NO;
				CLANG_CXX_LANGUAGE_STANDARD = "gnu++0x";
				CLANG_CXX_LIBRARY = "libc++";
				CLANG_ENABLE_OBJC_ARC = YES;
				CLANG_WARN_CONSTANT_CONVERSION = YES;
				CLANG_WARN_EMPTY_BODY = YES;
				CLANG_WARN_ENUM_CONVERSION = YES;
				CLANG_WARN_INT_CONVERSION = YES;
				CLANG_WARN__DUPLICATE_METHOD_MATCH = YES;
				"CODE_SIGN_IDENTITY[sdk=iphoneos*]" = "iPhone Developer";
				COPY_PHASE_STRIP = NO;
				GCC_C_LANGUAGE_STANDARD = gnu99;
				GCC_DYNAMIC_NO_PIC = NO;
				GCC_OPTIMIZATION_LEVEL = 0;
				GCC_PREPROCESSOR_DEFINITIONS = (
					"DEBUG=1",
					"$(inherited)",
				);
				GCC_SYMBOLS_PRIVATE_EXTERN = NO;
				GCC_WARN_ABOUT_RETURN_TYPE = YES;
				GCC_WARN_UNINITIALIZED_AUTOS = YES;
				GCC_WARN_UNUSED_VARIABLE = YES;
				IPHONEOS_DEPLOYMENT_TARGET = 6.1;
				ONLY_ACTIVE_ARCH = YES;
				SDKROOT = iphoneos;
			};
			name = Debug;
		};
		CBB8193D17C727ED001BBE85 /* Release */ = {
			isa = XCBuildConfiguration;
			buildSettings = {
				ALWAYS_SEARCH_USER_PATHS = NO;
				CLANG_CXX_LANGUAGE_STANDARD = "gnu++0x";
				CLANG_CXX_LIBRARY = "libc++";
				CLANG_ENABLE_OBJC_ARC = YES;
				CLANG_WARN_CONSTANT_CONVERSION = YES;
				CLANG_WARN_EMPTY_BODY = YES;
				CLANG_WARN_ENUM_CONVERSION = YES;
				CLANG_WARN_INT_CONVERSION = YES;
				CLANG_WARN__DUPLICATE_METHOD_MATCH = YES;
				"CODE_SIGN_IDENTITY[sdk=iphoneos*]" = "iPhone Developer";
				COPY_PHASE_STRIP = YES;
				GCC_C_LANGUAGE_STANDARD = gnu99;
				GCC_WARN_ABOUT_RETURN_TYPE = YES;
				GCC_WARN_UNINITIALIZED_AUTOS = YES;
				GCC_WARN_UNUSED_VARIABLE = YES;
				IPHONEOS_DEPLOYMENT_TARGET = 6.1;
				OTHER_CFLAGS = "-DNS_BLOCK_ASSERTIONS=1";
				SDKROOT = iphoneos;
				VALIDATE_PRODUCT = YES;
			};
			name = Release;
		};
		CBB8193F17C727ED001BBE85 /* Debug */ = {
			isa = XCBuildConfiguration;
			buildSettings = {
				FRAMEWORK_SEARCH_PATHS = (
					"$(inherited)",
					"\"$(SRCROOT)\"",
				);
				GCC_PRECOMPILE_PREFIX_HEADER = YES;
				GCC_PREFIX_HEADER = "ABDemo/ABDemo-Prefix.pch";
				INFOPLIST_FILE = "ABDemo/ABDemo-Info.plist";
				PRODUCT_NAME = "$(TARGET_NAME)";
				WRAPPER_EXTENSION = app;
			};
			name = Debug;
		};
		CBB8194017C727ED001BBE85 /* Release */ = {
			isa = XCBuildConfiguration;
			buildSettings = {
				FRAMEWORK_SEARCH_PATHS = (
					"$(inherited)",
					"\"$(SRCROOT)\"",
				);
				GCC_PRECOMPILE_PREFIX_HEADER = YES;
				GCC_PREFIX_HEADER = "ABDemo/ABDemo-Prefix.pch";
				INFOPLIST_FILE = "ABDemo/ABDemo-Info.plist";
				PRODUCT_NAME = "$(TARGET_NAME)";
				WRAPPER_EXTENSION = app;
			};
			name = Release;
		};
/* End XCBuildConfiguration section */

/* Begin XCConfigurationList section */
		CBB8191617C727ED001BBE85 /* Build configuration list for PBXProject "ABDemo" */ = {
			isa = XCConfigurationList;
			buildConfigurations = (
				CBB8193C17C727ED001BBE85 /* Debug */,
				CBB8193D17C727ED001BBE85 /* Release */,
			);
			defaultConfigurationIsVisible = 0;
			defaultConfigurationName = Release;
		};
		CBB8193E17C727ED001BBE85 /* Build configuration list for PBXNativeTarget "ABDemo" */ = {
			isa = XCConfigurationList;
			buildConfigurations = (
				CBB8193F17C727ED001BBE85 /* Debug */,
				CBB8194017C727ED001BBE85 /* Release */,
			);
			defaultConfigurationIsVisible = 0;
			defaultConfigurationName = Release;
		};
/* End XCConfigurationList section */
	};
	rootObject = CBB8191317C727ED001BBE85 /* Project object */;
}
